
Microsoft Visual Studio Solution File, Format Version 12.00
# Visual Studio Version 17
VisualStudioVersion = 17.10.35027.167
MinimumVisualStudioVersion = 10.0.40219.1
Project("{9A19103F-16F7-4668-BE54-9A1E7A4F7556}") = "BulkyWeb", "BulkyWeb\BulkyWeb.csproj", "{114FFEF0-6E8B-4895-B15C-273963848FF6}"
EndProject
Project("{FAE04EC0-301F-11D3-BF4B-00C04F79EFBC}") = "Bulky.DataAccess", "Bulky.DataAccess\Bulky.DataAccess.csproj", "{1740DF00-CA26-440B-9C3F-1A59F0C269DF}"
EndProject
Project("{FAE04EC0-301F-11D3-BF4B-00C04F79EFBC}") = "Bulky.Utilities", "Bulky.Utilities\Bulky.Utilities.csproj", "{A6AA28D8-B323-4318-8E5F-6E0574DE6A02}"
EndProject
Project("{FAE04EC0-301F-11D3-BF4B-00C04F79EFBC}") = "Bulky.Models", "Bulky.Models\Bulky.Models.csproj", "{5B55E456-AD35-40A2-B190-6488C1635766}"
EndProject
Global
	GlobalSection(SolutionConfigurationPlatforms) = preSolution
		Debug|Any CPU = Debug|Any CPU
		Release|Any CPU = Release|Any CPU
	EndGlobalSection
	GlobalSection(ProjectConfigurationPlatforms) = postSolution
		{114FFEF0-6E8B-4895-B15C-273963848FF6}.Debug|Any CPU.ActiveCfg = Debug|Any CPU
		{114FFEF0-6E8B-4895-B15C-273963848FF6}.Debug|Any CPU.Build.0 = Debug|Any CPU
		{114FFEF0-6E8B-4895-B15C-273963848FF6}.Release|Any CPU.ActiveCfg = Release|Any CPU
		{114FFEF0-6E8B-4895-B15C-273963848FF6}.Release|Any CPU.Build.0 = Release|Any CPU
		{1740DF00-CA26-440B-9C3F-1A59F0C269DF}.Debug|Any CPU.ActiveCfg = Debug|Any CPU
		{1740DF00-CA26-440B-9C3F-1A59F0C269DF}.Debug|Any CPU.Build.0 = Debug|Any CPU
		{1740DF00-CA26-440B-9C3F-1A59F0C269DF}.Release|Any CPU.ActiveCfg = Release|Any CPU
		{1740DF00-CA26-440B-9C3F-1A59F0C269DF}.Release|Any CPU.Build.0 = Release|Any CPU
		{A6AA28D8-B323-4318-8E5F-6E0574DE6A02}.Debug|Any CPU.ActiveCfg = Debug|Any CPU
		{A6AA28D8-B323-4318-8E5F-6E0574DE6A02}.Debug|Any CPU.Build.0 = Debug|Any CPU
		{A6AA28D8-B323-4318-8E5F-6E0574DE6A02}.Release|Any CPU.ActiveCfg = Release|Any CPU
		{A6AA28D8-B323-4318-8E5F-6E0574DE6A02}.Release|Any CPU.Build.0 = Release|Any CPU
		{5B55E456-AD35-40A2-B190-6488C1635766}.Debug|Any CPU.ActiveCfg = Debug|Any CPU
		{5B55E456-AD35-40A2-B190-6488C1635766}.Debug|Any CPU.Build.0 = Debug|Any CPU
		{5B55E456-AD35-40A2-B190-6488C1635766}.Release|Any CPU.ActiveCfg = Release|Any CPU
		{5B55E456-AD35-40A2-B190-6488C1635766}.Release|Any CPU.Build.0 = Release|Any CPU
	EndGlobalSection
	GlobalSection(SolutionProperties) = preSolution
		HideSolutionNode = FALSE
	EndGlobalSection
	GlobalSection(ExtensibilityGlobals) = postSolution
		SolutionGuid = {02E8E59F-5BE4-4005-94A2-F69E561419CB}
	EndGlobalSection
EndGlobal
